
Microsoft Visual Studio Solution File, Format Version 12.00
# Visual Studio Version 17
VisualStudioVersion = 17.1.32421.90
MinimumVisualStudioVersion = 10.0.40219.1
Project("{9A19103F-16F7-4668-BE54-9A1E7A4F7556}") = "FirstBlazorApp.Server", "FirstBlazorApp\Server\FirstBlazorApp.Server.csproj", "{CEFC5890-831E-4005-BF6E-8BE7D3BBA270}"
EndProject
Project("{9A19103F-16F7-4668-BE54-9A1E7A4F7556}") = "FirstBlazorApp.Client", "FirstBlazorApp\Client\FirstBlazorApp.Client.csproj", "{98793AB7-2949-4D0B-80CF-16923831EE58}"
EndProject
Project("{9A19103F-16F7-4668-BE54-9A1E7A4F7556}") = "FirstBlazorApp.Shared", "FirstBlazorApp\Shared\FirstBlazorApp.Shared.csproj", "{6A3DAD61-89C2-4A1B-A083-9617344B7883}"
EndProject
Global
	GlobalSection(SolutionConfigurationPlatforms) = preSolution
		Debug|Any CPU = Debug|Any CPU
		Release|Any CPU = Release|Any CPU
	EndGlobalSection
	GlobalSection(ProjectConfigurationPlatforms) = postSolution
		{CEFC5890-831E-4005-BF6E-8BE7D3BBA270}.Debug|Any CPU.ActiveCfg = Debug|Any CPU
		{CEFC5890-831E-4005-BF6E-8BE7D3BBA270}.Debug|Any CPU.Build.0 = Debug|Any CPU
		{CEFC5890-831E-4005-BF6E-8BE7D3BBA270}.Release|Any CPU.ActiveCfg = Release|Any CPU
		{CEFC5890-831E-4005-BF6E-8BE7D3BBA270}.Release|Any CPU.Build.0 = Release|Any CPU
		{98793AB7-2949-4D0B-80CF-16923831EE58}.Debug|Any CPU.ActiveCfg = Debug|Any CPU
		{98793AB7-2949-4D0B-80CF-16923831EE58}.Debug|Any CPU.Build.0 = Debug|Any CPU
		{98793AB7-2949-4D0B-80CF-16923831EE58}.Release|Any CPU.ActiveCfg = Release|Any CPU
		{98793AB7-2949-4D0B-80CF-16923831EE58}.Release|Any CPU.Build.0 = Release|Any CPU
		{6A3DAD61-89C2-4A1B-A083-9617344B7883}.Debug|Any CPU.ActiveCfg = Debug|Any CPU
		{6A3DAD61-89C2-4A1B-A083-9617344B7883}.Debug|Any CPU.Build.0 = Debug|Any CPU
		{6A3DAD61-89C2-4A1B-A083-9617344B7883}.Release|Any CPU.ActiveCfg = Release|Any CPU
		{6A3DAD61-89C2-4A1B-A083-9617344B7883}.Release|Any CPU.Build.0 = Release|Any CPU
	EndGlobalSection
	GlobalSection(SolutionProperties) = preSolution
		HideSolutionNode = FALSE
	EndGlobalSection
	GlobalSection(ExtensibilityGlobals) = postSolution
		SolutionGuid = {79095484-13A9-48EF-8D8A-9C5B1CCB16F6}
	EndGlobalSection
EndGlobal
